// !$*UTF8*$!
{
	archiveVersion = 1;
	classes = {
	};
	objectVersion = 46;
	objects = {

/* Begin PBXBuildFile section */
		9B8930D21B5DD26F00C1F614 /* AppDelegate.swift in Sources */ = {isa = PBXBuildFile; fileRef = 9B8930D11B5DD26F00C1F614 /* AppDelegate.swift */; };
		9B8930D41B5DD26F00C1F614 /* ViewController.swift in Sources */ = {isa = PBXBuildFile; fileRef = 9B8930D31B5DD26F00C1F614 /* ViewController.swift */; };
		9B8930D71B5DD26F00C1F614 /* Main.storyboard in Resources */ = {isa = PBXBuildFile; fileRef = 9B8930D51B5DD26F00C1F614 /* Main.storyboard */; };
		9B8930D91B5DD26F00C1F614 /* Images.xcassets in Resources */ = {isa = PBXBuildFile; fileRef = 9B8930D81B5DD26F00C1F614 /* Images.xcassets */; };
		9B8930DC1B5DD26F00C1F614 /* LaunchScreen.xib in Resources */ = {isa = PBXBuildFile; fileRef = 9B8930DA1B5DD26F00C1F614 /* LaunchScreen.xib */; };
		9B8930E81B5DD26F00C1F614 /* My_MemesTests.swift in Sources */ = {isa = PBXBuildFile; fileRef = 9B8930E71B5DD26F00C1F614 /* My_MemesTests.swift */; };
/* End PBXBuildFile section */

/* Begin PBXContainerItemProxy section */
		9B8930E21B5DD26F00C1F614 /* PBXContainerItemProxy */ = {
			isa = PBXContainerItemProxy;
			containerPortal = 9B8930C41B5DD26F00C1F614 /* Project object */;
			proxyType = 1;
			remoteGlobalIDString = 9B8930CB1B5DD26F00C1F614;
			remoteInfo = "My Memes";
		};
/* End PBXContainerItemProxy section */

/* Begin PBXFileReference section */
		9B8930CC1B5DD26F00C1F614 /* My Memes.app */ = {isa = PBXFileReference; explicitFileType = wrapper.application; includeInIndex = 0; path = "My Memes.app"; sourceTree = BUILT_PRODUCTS_DIR; };
		9B8930D01B5DD26F00C1F614 /* Info.plist */ = {isa = PBXFileReference; lastKnownFileType = text.plist.xml; path = Info.plist; sourceTree = "<group>"; };
		9B8930D11B5DD26F00C1F614 /* AppDelegate.swift */ = {isa = PBXFileReference; lastKnownFileType = sourcecode.swift; path = AppDelegate.swift; sourceTree = "<group>"; };
		9B8930D31B5DD26F00C1F614 /* ViewController.swift */ = {isa = PBXFileReference; lastKnownFileType = sourcecode.swift; path = ViewController.swift; sourceTree = "<group>"; };
		9B8930D61B5DD26F00C1F614 /* Base */ = {isa = PBXFileReference; lastKnownFileType = file.storyboard; name = Base; path = Base.lproj/Main.storyboard; sourceTree = "<group>"; };
		9B8930D81B5DD26F00C1F614 /* Images.xcassets */ = {isa = PBXFileReference; lastKnownFileType = folder.assetcatalog; path = Images.xcassets; sourceTree = "<group>"; };
		9B8930DB1B5DD26F00C1F614 /* Base */ = {isa = PBXFileReference; lastKnownFileType = file.xib; name = Base; path = Base.lproj/LaunchScreen.xib; sourceTree = "<group>"; };
		9B8930E11B5DD26F00C1F614 /* My MemesTests.xctest */ = {isa = PBXFileReference; explicitFileType = wrapper.cfbundle; includeInIndex = 0; path = "My MemesTests.xctest"; sourceTree = BUILT_PRODUCTS_DIR; };
		9B8930E61B5DD26F00C1F614 /* Info.plist */ = {isa = PBXFileReference; lastKnownFileType = text.plist.xml; path = Info.plist; sourceTree = "<group>"; };
		9B8930E71B5DD26F00C1F614 /* My_MemesTests.swift */ = {isa = PBXFileReference; lastKnownFileType = sourcecode.swift; path = My_MemesTests.swift; sourceTree = "<group>"; };
/* End PBXFileReference section */

/* Begin PBXFrameworksBuildPhase section */
		9B8930C91B5DD26F00C1F614 /* Frameworks */ = {
			isa = PBXFrameworksBuildPhase;
			buildActionMask = 2147483647;
			files = (
			);
			runOnlyForDeploymentPostprocessing = 0;
		};
		9B8930DE1B5DD26F00C1F614 /* Frameworks */ = {
			isa = PBXFrameworksBuildPhase;
			buildActionMask = 2147483647;
			files = (
			);
			runOnlyForDeploymentPostprocessing = 0;
		};
/* End PBXFrameworksBuildPhase section */

/* Begin PBXGroup section */
		9B8930C31B5DD26F00C1F614 = {
			isa = PBXGroup;
			children = (
				9B8930CE1B5DD26F00C1F614 /* My Memes */,
				9B8930E41B5DD26F00C1F614 /* My MemesTests */,
				9B8930CD1B5DD26F00C1F614 /* Products */,
			);
			sourceTree = "<group>";
		};
		9B8930CD1B5DD26F00C1F614 /* Products */ = {
			isa = PBXGroup;
			children = (
				9B8930CC1B5DD26F00C1F614 /* My Memes.app */,
				9B8930E11B5DD26F00C1F614 /* My MemesTests.xctest */,
			);
			name = Products;
			sourceTree = "<group>";
		};
		9B8930CE1B5DD26F00C1F614 /* My Memes */ = {
			isa = PBXGroup;
			children = (
				9B8930D11B5DD26F00C1F614 /* AppDelegate.swift */,
				9B8930D31B5DD26F00C1F614 /* ViewController.swift */,
				9B8930D51B5DD26F00C1F614 /* Main.storyboard */,
				9B8930D81B5DD26F00C1F614 /* Images.xcassets */,
				9B8930DA1B5DD26F00C1F614 /* LaunchScreen.xib */,
				9B8930CF1B5DD26F00C1F614 /* Supporting Files */,
			);
			path = "My Memes";
			sourceTree = "<group>";
		};
		9B8930CF1B5DD26F00C1F614 /* Supporting Files */ = {
			isa = PBXGroup;
			children = (
				9B8930D01B5DD26F00C1F614 /* Info.plist */,
			);
			name = "Supporting Files";
			sourceTree = "<group>";
		};
		9B8930E41B5DD26F00C1F614 /* My MemesTests */ = {
			isa = PBXGroup;
			children = (
				9B8930E71B5DD26F00C1F614 /* My_MemesTests.swift */,
				9B8930E51B5DD26F00C1F614 /* Supporting Files */,
			);
			path = "My MemesTests";
			sourceTree = "<group>";
		};
		9B8930E51B5DD26F00C1F614 /* Supporting Files */ = {
			isa = PBXGroup;
			children = (
				9B8930E61B5DD26F00C1F614 /* Info.plist */,
			);
			name = "Supporting Files";
			sourceTree = "<group>";
		};
/* End PBXGroup section */

/* Begin PBXNativeTarget section */
		9B8930CB1B5DD26F00C1F614 /* My Memes */ = {
			isa = PBXNativeTarget;
			buildConfigurationList = 9B8930EB1B5DD26F00C1F614 /* Build configuration list for PBXNativeTarget "My Memes" */;
			buildPhases = (
				9B8930C81B5DD26F00C1F614 /* Sources */,
				9B8930C91B5DD26F00C1F614 /* Frameworks */,
				9B8930CA1B5DD26F00C1F614 /* Resources */,
			);
			buildRules = (
			);
			dependencies = (
			);
			name = "My Memes";
			productName = "My Memes";
			productReference = 9B8930CC1B5DD26F00C1F614 /* My Memes.app */;
			productType = "com.apple.product-type.application";
		};
		9B8930E01B5DD26F00C1F614 /* My MemesTests */ = {
			isa = PBXNativeTarget;
			buildConfigurationList = 9B8930EE1B5DD26F00C1F614 /* Build configuration list for PBXNativeTarget "My MemesTests" */;
			buildPhases = (
				9B8930DD1B5DD26F00C1F614 /* Sources */,
				9B8930DE1B5DD26F00C1F614 /* Frameworks */,
				9B8930DF1B5DD26F00C1F614 /* Resources */,
			);
			buildRules = (
			);
			dependencies = (
				9B8930E31B5DD26F00C1F614 /* PBXTargetDependency */,
			);
			name = "My MemesTests";
			productName = "My MemesTests";
			productReference = 9B8930E11B5DD26F00C1F614 /* My MemesTests.xctest */;
			productType = "com.apple.product-type.bundle.unit-test";
		};
/* End PBXNativeTarget section */

/* Begin PBXProject section */
		9B8930C41B5DD26F00C1F614 /* Project object */ = {
			isa = PBXProject;
			attributes = {
				LastUpgradeCheck = 0640;
				ORGANIZATIONNAME = "ROHIT GUPTA";
				TargetAttributes = {
					9B8930CB1B5DD26F00C1F614 = {
						CreatedOnToolsVersion = 6.4;
					};
					9B8930E01B5DD26F00C1F614 = {
						CreatedOnToolsVersion = 6.4;
						TestTargetID = 9B8930CB1B5DD26F00C1F614;
					};
				};
			};
			buildConfigurationList = 9B8930C71B5DD26F00C1F614 /* Build configuration list for PBXProject "My Memes" */;
			compatibilityVersion = "Xcode 3.2";
			developmentRegion = English;
			hasScannedForEncodings = 0;
			knownRegions = (
				en,
				Base,
			);
			mainGroup = 9B8930C31B5DD26F00C1F614;
			productRefGroup = 9B8930CD1B5DD26F00C1F614 /* Products */;
			projectDirPath = "";
			projectRoot = "";
			targets = (
				9B8930CB1B5DD26F00C1F614 /* My Memes */,
				9B8930E01B5DD26F00C1F614 /* My MemesTests */,
			);
		};
/* End PBXProject section */

/* Begin PBXResourcesBuildPhase section */
		9B8930CA1B5DD26F00C1F614 /* Resources */ = {
			isa = PBXResourcesBuildPhase;
			buildActionMask = 2147483647;
			files = (
				9B8930D71B5DD26F00C1F614 /* Main.storyboard in Resources */,
				9B8930DC1B5DD26F00C1F614 /* LaunchScreen.xib in Resources */,
				9B8930D91B5DD26F00C1F614 /* Images.xcassets in Resources */,
			);
			runOnlyForDeploymentPostprocessing = 0;
		};
		9B8930DF1B5DD26F00C1F614 /* Resources */ = {
			isa = PBXResourcesBuildPhase;
			buildActionMask = 2147483647;
			files = (
			);
			runOnlyForDeploymentPostprocessing = 0;
		};
/* End PBXResourcesBuildPhase section */

/* Begin PBXSourcesBuildPhase section */
		9B8930C81B5DD26F00C1F614 /* Sources */ = {
			isa = PBXSourcesBuildPhase;
			buildActionMask = 2147483647;
			files = (
				9B8930D41B5DD26F00C1F614 /* ViewController.swift in Sources */,
				9B8930D21B5DD26F00C1F614 /* AppDelegate.swift in Sources */,
			);
			runOnlyForDeploymentPostprocessing = 0;
		};
		9B8930DD1B5DD26F00C1F614 /* Sources */ = {
			isa = PBXSourcesBuildPhase;
			buildActionMask = 2147483647;
			files = (
				9B8930E81B5DD26F00C1F614 /* My_MemesTests.swift in Sources */,
			);
			runOnlyForDeploymentPostprocessing = 0;
		};
/* End PBXSourcesBuildPhase section */

/* Begin PBXTargetDependency section */
		9B8930E31B5DD26F00C1F614 /* PBXTargetDependency */ = {
			isa = PBXTargetDependency;
			target = 9B8930CB1B5DD26F00C1F614 /* My Memes */;
			targetProxy = 9B8930E21B5DD26F00C1F614 /* PBXContainerItemProxy */;
		};
/* End PBXTargetDependency section */

/* Begin PBXVariantGroup section */
		9B8930D51B5DD26F00C1F614 /* Main.storyboard */ = {
			isa = PBXVariantGroup;
			children = (
				9B8930D61B5DD26F00C1F614 /* Base */,
			);
			name = Main.storyboard;
			sourceTree = "<group>";
		};
		9B8930DA1B5DD26F00C1F614 /* LaunchScreen.xib */ = {
			isa = PBXVariantGroup;
			children = (
				9B8930DB1B5DD26F00C1F614 /* Base */,
			);
			name = LaunchScreen.xib;
			sourceTree = "<group>";
		};
/* End PBXVariantGroup section */

/* Begin XCBuildConfiguration section */
		9B8930E91B5DD26F00C1F614 /* Debug */ = {
			isa = XCBuildConfiguration;
			buildSettings = {
				ALWAYS_SEARCH_USER_PATHS = NO;
				CLANG_CXX_LANGUAGE_STANDARD = "gnu++0x";
				CLANG_CXX_LIBRARY = "libc++";
				CLANG_ENABLE_MODULES = YES;
				CLANG_ENABLE_OBJC_ARC = YES;
				CLANG_WARN_BOOL_CONVERSION = YES;
				CLANG_WARN_CONSTANT_CONVERSION = YES;
				CLANG_WARN_DIRECT_OBJC_ISA_USAGE = YES_ERROR;
				CLANG_WARN_EMPTY_BODY = YES;
				CLANG_WARN_ENUM_CONVERSION = YES;
				CLANG_WARN_INT_CONVERSION = YES;
				CLANG_WARN_OBJC_ROOT_CLASS = YES_ERROR;
				CLANG_WARN_UNREACHABLE_CODE = YES;
				CLANG_WARN__DUPLICATE_METHOD_MATCH = YES;
				"CODE_SIGN_IDENTITY[sdk=iphoneos*]" = "iPhone Developer";
				COPY_PHASE_STRIP = NO;
				DEBUG_INFORMATION_FORMAT = "dwarf-with-dsym";
				ENABLE_STRICT_OBJC_MSGSEND = YES;
				GCC_C_LANGUAGE_STANDARD = gnu99;
				GCC_DYNAMIC_NO_PIC = NO;
				GCC_NO_COMMON_BLOCKS = YES;
				GCC_OPTIMIZATION_LEVEL = 0;
				GCC_PREPROCESSOR_DEFINITIONS = (
					"DEBUG=1",
					"$(inherited)",
				);
				GCC_SYMBOLS_PRIVATE_EXTERN = NO;
				GCC_WARN_64_TO_32_BIT_CONVERSION = YES;
				GCC_WARN_ABOUT_RETURN_TYPE = YES_ERROR;
				GCC_WARN_UNDECLARED_SELECTOR = YES;
				GCC_WARN_UNINITIALIZED_AUTOS = YES_AGGRESSIVE;
				GCC_WARN_UNUSED_FUNCTION = YES;
				GCC_WARN_UNUSED_VARIABLE = YES;
				IPHONEOS_DEPLOYMENT_TARGET = 8.4;
				MTL_ENABLE_DEBUG_INFO = YES;
				ONLY_ACTIVE_ARCH = YES;
				SDKROOT = iphoneos;
				SWIFT_OPTIMIZATION_LEVEL = "-Onone";
			};
			name = Debug;
		};
		9B8930EA1B5DD26F00C1F614 /* Release */ = {
			isa = XCBuildConfiguration;
			buildSettings = {
				ALWAYS_SEARCH_USER_PATHS = NO;
				CLANG_CXX_LANGUAGE_STANDARD = "gnu++0x";
				CLANG_CXX_LIBRARY = "libc++";
				CLANG_ENABLE_MODULES = YES;
				CLANG_ENABLE_OBJC_ARC = YES;
				CLANG_WARN_BOOL_CONVERSION = YES;
				CLANG_WARN_CONSTANT_CONVERSION = YES;
				CLANG_WARN_DIRECT_OBJC_ISA_USAGE = YES_ERROR;
				CLANG_WARN_EMPTY_BODY = YES;
				CLANG_WARN_ENUM_CONVERSION = YES;
				CLANG_WARN_INT_CONVERSION = YES;
				CLANG_WARN_OBJC_ROOT_CLASS = YES_ERROR;
				CLANG_WARN_UNREACHABLE_CODE = YES;
				CLANG_WARN__DUPLICATE_METHOD_MATCH = YES;
				"CODE_SIGN_IDENTITY[sdk=iphoneos*]" = "iPhone Developer";
				COPY_PHASE_STRIP = NO;
				DEBUG_INFORMATION_FORMAT = "dwarf-with-dsym";
				ENABLE_NS_ASSERTIONS = NO;
				ENABLE_STRICT_OBJC_MSGSEND = YES;
				GCC_C_LANGUAGE_STANDARD = gnu99;
				GCC_NO_COMMON_BLOCKS = YES;
				GCC_WARN_64_TO_32_BIT_CONVERSION = YES;
				GCC_WARN_ABOUT_RETURN_TYPE = YES_ERROR;
				GCC_WARN_UNDECLARED_SELECTOR = YES;
				GCC_WARN_UNINITIALIZED_AUTOS = YES_AGGRESSIVE;
				GCC_WARN_UNUSED_FUNCTION = YES;
				GCC_WARN_UNUSED_VARIABLE = YES;
				IPHONEOS_DEPLOYMENT_TARGET = 8.4;
				MTL_ENABLE_DEBUG_INFO = NO;
				SDKROOT = iphoneos;
				VALIDATE_PRODUCT = YES;
			};
			name = Release;
		};
		9B8930EC1B5DD26F00C1F614 /* Debug */ = {
			isa = XCBuildConfiguration;
			buildSettings = {
				ASSETCATALOG_COMPILER_APPICON_NAME = AppIcon;
				INFOPLIST_FILE = "My Memes/Info.plist";
				LD_RUNPATH_SEARCH_PATHS = "$(inherited) @executable_path/Frameworks";
				PRODUCT_NAME = "$(TARGET_NAME)";
			};
			name = Debug;
		};
		9B8930ED1B5DD26F00C1F614 /* Release */ = {
			isa = XCBuildConfiguration;
			buildSettings = {
				ASSETCATALOG_COMPILER_APPICON_NAME = AppIcon;
				INFOPLIST_FILE = "My Memes/Info.plist";
				LD_RUNPATH_SEARCH_PATHS = "$(inherited) @executable_path/Frameworks";
				PRODUCT_NAME = "$(TARGET_NAME)";
			};
			name = Release;
		};
		9B8930EF1B5DD26F00C1F614 /* Debug */ = {
			isa = XCBuildConfiguration;
			buildSettings = {
				BUNDLE_LOADER = "$(TEST_HOST)";
				FRAMEWORK_SEARCH_PATHS = (
					"$(SDKROOT)/Developer/Library/Frameworks",
					"$(inherited)",
				);
				GCC_PREPROCESSOR_DEFINITIONS = (
					"DEBUG=1",
					"$(inherited)",
				);
				INFOPLIST_FILE = "My MemesTests/Info.plist";
				LD_RUNPATH_SEARCH_PATHS = "$(inherited) @executable_path/Frameworks @loader_path/Frameworks";
				PRODUCT_NAME = "$(TARGET_NAME)";
				TEST_HOST = "$(BUILT_PRODUCTS_DIR)/My Memes.app/My Memes";
			};
			name = Debug;
		};
		9B8930F01B5DD26F00C1F614 /* Release */ = {
			isa = XCBuildConfiguration;
			buildSettings = {
				BUNDLE_LOADER = "$(TEST_HOST)";
				FRAMEWORK_SEARCH_PATHS = (
					"$(SDKROOT)/Developer/Library/Frameworks",
					"$(inherited)",
				);
				INFOPLIST_FILE = "My MemesTests/Info.plist";
				LD_RUNPATH_SEARCH_PATHS = "$(inherited) @executable_path/Frameworks @loader_path/Frameworks";
				PRODUCT_NAME = "$(TARGET_NAME)";
				TEST_HOST = "$(BUILT_PRODUCTS_DIR)/My Memes.app/My Memes";
			};
			name = Release;
		};
/* End XCBuildConfiguration section */

/* Begin XCConfigurationList section */
		9B8930C71B5DD26F00C1F614 /* Build configuration list for PBXProject "My Memes" */ = {
			isa = XCConfigurationList;
			buildConfigurations = (
				9B8930E91B5DD26F00C1F614 /* Debug */,
				9B8930EA1B5DD26F00C1F614 /* Release */,
			);
			defaultConfigurationIsVisible = 0;
			defaultConfigurationName = Release;
		};
		9B8930EB1B5DD26F00C1F614 /* Build configuration list for PBXNativeTarget "My Memes" */ = {
			isa = XCConfigurationList;
			buildConfigurations = (
				9B8930EC1B5DD26F00C1F614 /* Debug */,
				9B8930ED1B5DD26F00C1F614 /* Release */,
			);
			defaultConfigurationIsVisible = 0;
		};
		9B8930EE1B5DD26F00C1F614 /* Build configuration list for PBXNativeTarget "My MemesTests" */ = {
			isa = XCConfigurationList;
			buildConfigurations = (
				9B8930EF1B5DD26F00C1F614 /* Debug */,
				9B8930F01B5DD26F00C1F614 /* Release */,
			);
			defaultConfigurationIsVisible = 0;
		};
/* End XCConfigurationList section */
	};
	rootObject = 9B8930C41B5DD26F00C1F614 /* Project object */;
}
